{
  "name": "smart-parking",
  "version": "1.0.0",
  "lockfileVersion": 3,
  "requires": true,
  "packages": {
    "": {
      "name": "smart-parking",
      "version": "1.0.0",
      "license": "ISC",
      "dependencies": {
        "firebase": "^12.11.0",
        "server": "^0.0.3"
      },
      "devDependencies": {
        "concurrently": "^7.6.0"
      },
      "engines": {
        "node": ">=14.0.0",
        "npm": ">=6.0.0"
      }
    },
    "node_modules/@babel/runtime": {
      "version": "7.29.2",
      "dev": true,
      "license": "MIT",
      "engines": {
        "node": ">=6.9.0"
      }
    },
    "node_modules/@firebase/ai": {
      "version": "2.10.0",
      "license": "Apache-2.0",
      "dependencies": {
        "@firebase/app-check-interop-types": "0.3.3",
        "@firebase/component": "0.7.2",
        "@firebase/logger": "0.5.0",
        "@firebase/util": "1.15.0",
        "tslib": "^2.1.0"
      },
      "engines": {
        "node": ">=20.0.0"
      },
      "peerDependencies": {
        "@firebase/app": "0.x",
        "@firebase/app-types": "0.x"
      }
    },
    "node_modules/@firebase/analytics": {
      "version": "0.10.21",
      "license": "Apache-2.0",
      "dependencies": {
        "@firebase/component": "0.7.2",
        "@firebase/installations": "0.6.21",
        "@firebase/logger": "0.5.0",
        "@firebase/util": "1.15.0",
        "tslib": "^2.1.0"
      },
      "peerDependencies": {
        "@firebase/app": "0.x"
      }
    },
    "node_modules/@firebase/analytics-compat": {
      "version": "0.2.27",
      "license": "Apache-2.0",
      "dependencies": {
        "@firebase/analytics": "0.10.21",
        "@firebase/analytics-types": "0.8.3",
        "@firebase/component": "0.7.2",
        "@firebase/util": "1.15.0",
        "tslib": "^2.1.0"
      },
      "peerDependencies": {
        "@firebase/app-compat": "0.x"
      }
    },
    "node_modules/@firebase/analytics-types": {
      "version": "0.8.3",
      "license": "Apache-2.0"
    },
    "node_modules/@firebase/app": {
      "version": "0.14.10",
      "license": "Apache-2.0",
      "dependencies": {
        "@firebase/component": "0.7.2",
        "@firebase/logger": "0.5.0",
        "@firebase/util": "1.15.0",
        "idb": "7.1.1",
        "tslib": "^2.1.0"
      },
      "engines": {
        "node": ">=20.0.0"
      }
    },
    "node_modules/@firebase/app-check": {
      "version": "0.11.2",
      "license": "Apache-2.0",
      "dependencies": {
        "@firebase/component": "0.7.2",
        "@firebase/logger": "0.5.0",
        "@firebase/util": "1.15.0",
        "tslib": "^2.1.0"
      },
      "engines": {
        "node": ">=20.0.0"
      },
      "peerDependencies": {
        "@firebase/app": "0.x"
      }
    },
    "node_modules/@firebase/app-check-compat": {
      "version": "0.4.2",
      "license": "Apache-2.0",
      "dependencies": {
        "@firebase/app-check": "0.11.2",
        "@firebase/app-check-types": "0.5.3",
        "@firebase/component": "0.7.2",
        "@firebase/logger": "0.5.0",
        "@firebase/util": "1.15.0",
        "tslib": "^2.1.0"
      },
      "engines": {
        "node": ">=20.0.0"
      },
      "peerDependencies": {
        "@firebase/app-compat": "0.x"
      }
    },
    "node_modules/@firebase/app-check-interop-types": {
      "version": "0.3.3",
      "license": "Apache-2.0"
    },
    "node_modules/@firebase/app-check-types": {
      "version": "0.5.3",
      "license": "Apache-2.0"
    },
    "node_modules/@firebase/app-compat": {
      "version": "0.5.10",
      "license": "Apache-2.0",
      "dependencies": {
        "@firebase/app": "0.14.10",
        "@firebase/component": "0.7.2",
        "@firebase/logger": "0.5.0",
        "@firebase/util": "1.15.0",
        "tslib": "^2.1.0"
      },
      "engines": {
        "node": ">=20.0.0"
      }
    },
    "node_modules/@firebase/app-types": {
      "version": "0.9.3",
      "license": "Apache-2.0"
    },
    "node_modules/@firebase/auth": {
      "version": "1.12.2",
      "license": "Apache-2.0",
      "dependencies": {
        "@firebase/component": "0.7.2",
        "@firebase/logger": "0.5.0",
        "@firebase/util": "1.15.0",
        "tslib": "^2.1.0"
      },
      "engines": {
        "node": ">=20.0.0"
      },
      "peerDependencies": {
        "@firebase/app": "0.x",
        "@react-native-async-storage/async-storage": "^2.2.0"
      },
      "peerDependenciesMeta": {
        "@react-native-async-storage/async-storage": {
          "optional": true
        }
      }
    },
    "node_modules/@firebase/auth-compat": {
      "version": "0.6.4",
      "license": "Apache-2.0",
      "dependencies": {
        "@firebase/auth": "1.12.2",
        "@firebase/auth-types": "0.13.0",
        "@firebase/component": "0.7.2",
        "@firebase/util": "1.15.0",
        "tslib": "^2.1.0"
      },
      "engines": {
        "node": ">=20.0.0"
      },
      "peerDependencies": {
        "@firebase/app-compat": "0.x"
      }
    },
    "node_modules/@firebase/auth-interop-types": {
      "version": "0.2.4",
      "license": "Apache-2.0"
    },
    "node_modules/@firebase/auth-types": {
      "version": "0.13.0",
      "license": "Apache-2.0",
      "peerDependencies": {
        "@firebase/app-types": "0.x",
        "@firebase/util": "1.x"
      }
    },
    "node_modules/@firebase/component": {
      "version": "0.7.2",
      "license": "Apache-2.0",
      "dependencies": {
        "@firebase/util": "1.15.0",
        "tslib": "^2.1.0"
      },
      "engines": {
        "node": ">=20.0.0"
      }
    },
    "node_modules/@firebase/data-connect": {
      "version": "0.5.0",
      "license": "Apache-2.0",
      "dependencies": {
        "@firebase/auth-interop-types": "0.2.4",
        "@firebase/component": "0.7.2",
        "@firebase/logger": "0.5.0",
        "@firebase/util": "1.15.0",
        "tslib": "^2.1.0"
      },
      "peerDependencies": {
        "@firebase/app": "0.x"
      }
    },
    "node_modules/@firebase/database": {
      "version": "1.1.2",
      "license": "Apache-2.0",
      "dependencies": {
        "@firebase/app-check-interop-types": "0.3.3",
        "@firebase/auth-interop-types": "0.2.4",
        "@firebase/component": "0.7.2",
        "@firebase/logger": "0.5.0",
        "@firebase/util": "1.15.0",
        "faye-websocket": "0.11.4",
        "tslib": "^2.1.0"
      },
      "engines": {
        "node": ">=20.0.0"
      }
    },
    "node_modules/@firebase/database-compat": {
      "version": "2.1.2",
      "license": "Apache-2.0",
      "dependencies": {
        "@firebase/component": "0.7.2",
        "@firebase/database": "1.1.2",
        "@firebase/database-types": "1.0.18",
        "@firebase/logger": "0.5.0",
        "@firebase/util": "1.15.0",
        "tslib": "^2.1.0"
      },
      "engines": {
        "node": ">=20.0.0"
      }
    },
    "node_modules/@firebase/database-types": {
      "version": "1.0.18",
      "license": "Apache-2.0",
      "dependencies": {
        "@firebase/app-types": "0.9.3",
        "@firebase/util": "1.15.0"
      }
    },
    "node_modules/@firebase/firestore": {
      "version": "4.13.0",
      "license": "Apache-2.0",
      "dependencies": {
        "@firebase/component": "0.7.2",
        "@firebase/logger": "0.5.0",
        "@firebase/util": "1.15.0",
        "@firebase/webchannel-wrapper": "1.0.5",
        "@grpc/grpc-js": "~1.9.0",
        "@grpc/proto-loader": "^0.7.8",
        "tslib": "^2.1.0"
      },
      "engines": {
        "node": ">=20.0.0"
      },
      "peerDependencies": {
        "@firebase/app": "0.x"
      }
    },
    "node_modules/@firebase/firestore-compat": {
      "version": "0.4.7",
      "license": "Apache-2.0",
      "dependencies": {
        "@firebase/component": "0.7.2",
        "@firebase/firestore": "4.13.0",
        "@firebase/firestore-types": "3.0.3",
        "@firebase/util": "1.15.0",
        "tslib": "^2.1.0"
      },
      "engines": {
        "node": ">=20.0.0"
      },
      "peerDependencies": {
        "@firebase/app-compat": "0.x"
      }
    },
    "node_modules/@firebase/firestore-types": {
      "version": "3.0.3",
      "license": "Apache-2.0",
      "peerDependencies": {
        "@firebase/app-types": "0.x",
        "@firebase/util": "1.x"
      }
    },
    "node_modules/@firebase/functions": {
      "version": "0.13.3",
      "license": "Apache-2.0",
      "dependencies": {
        "@firebase/app-check-interop-types": "0.3.3",
        "@firebase/auth-interop-types": "0.2.4",
        "@firebase/component": "0.7.2",
        "@firebase/messaging-interop-types": "0.2.3",
        "@firebase/util": "1.15.0",
        "tslib": "^2.1.0"
      },
      "engines": {
        "node": ">=20.0.0"
      },
      "peerDependencies": {
        "@firebase/app": "0.x"
      }
    },
    "node_modules/@firebase/functions-compat": {
      "version": "0.4.3",
      "license": "Apache-2.0",
      "dependencies": {
        "@firebase/component": "0.7.2",
        "@firebase/functions": "0.13.3",
        "@firebase/functions-types": "0.6.3",
        "@firebase/util": "1.15.0",
        "tslib": "^2.1.0"
      },
      "engines": {
        "node": ">=20.0.0"
      },
      "peerDependencies": {
        "@firebase/app-compat": "0.x"
      }
    },
    "node_modules/@firebase/functions-types": {
      "version": "0.6.3",
      "license": "Apache-2.0"
    },
    "node_modules/@firebase/installations": {
      "version": "0.6.21",
      "license": "Apache-2.0",
      "dependencies": {
        "@firebase/component": "0.7.2",
        "@firebase/util": "1.15.0",
        "idb": "7.1.1",
        "tslib": "^2.1.0"
      },
      "peerDependencies": {
        "@firebase/app": "0.x"
      }
    },
    "node_modules/@firebase/installations-compat": {
      "version": "0.2.21",
      "license": "Apache-2.0",
      "dependencies": {
        "@firebase/component": "0.7.2",
        "@firebase/installations": "0.6.21",
        "@firebase/installations-types": "0.5.3",
        "@firebase/util": "1.15.0",
        "tslib": "^2.1.0"
      },
      "peerDependencies": {
        "@firebase/app-compat": "0.x"
      }
    },
    "node_modules/@firebase/installations-types": {
      "version": "0.5.3",
      "license": "Apache-2.0",
      "peerDependencies": {
        "@firebase/app-types": "0.x"
      }
    },
    "node_modules/@firebase/logger": {
      "version": "0.5.0",
      "license": "Apache-2.0",
      "dependencies": {
        "tslib": "^2.1.0"
      },
      "engines": {
        "node": ">=20.0.0"
      }
    },
    "node_modules/@firebase/messaging": {
      "version": "0.12.25",
      "license": "Apache-2.0",
      "dependencies": {
        "@firebase/component": "0.7.2",
        "@firebase/installations": "0.6.21",
        "@firebase/messaging-interop-types": "0.2.3",
        "@firebase/util": "1.15.0",
        "idb": "7.1.1",
        "tslib": "^2.1.0"
      },
      "peerDependencies": {
        "@firebase/app": "0.x"
      }
    },
    "node_modules/@firebase/messaging-compat": {
      "version": "0.2.25",
      "license": "Apache-2.0",
      "dependencies": {
        "@firebase/component": "0.7.2",
        "@firebase/messaging": "0.12.25",
        "@firebase/util": "1.15.0",
        "tslib": "^2.1.0"
      },
      "peerDependencies": {
        "@firebase/app-compat": "0.x"
      }
    },
    "node_modules/@firebase/messaging-interop-types": {
      "version": "0.2.3",
      "license": "Apache-2.0"
    },
    "node_modules/@firebase/performance": {
      "version": "0.7.11",
      "license": "Apache-2.0",
      "dependencies": {
        "@firebase/component": "0.7.2",
        "@firebase/installations": "0.6.21",
        "@firebase/logger": "0.5.0",
        "@firebase/util": "1.15.0",
        "tslib": "^2.1.0",
        "web-vitals": "^4.2.4"
      },
      "peerDependencies": {
        "@firebase/app": "0.x"
      }
    },
    "node_modules/@firebase/performance-compat": {
      "version": "0.2.24",
      "license": "Apache-2.0",
      "dependencies": {
        "@firebase/component": "0.7.2",
        "@firebase/logger": "0.5.0",
        "@firebase/performance": "0.7.11",
        "@firebase/performance-types": "0.2.3",
        "@firebase/util": "1.15.0",
        "tslib": "^2.1.0"
      },
      "peerDependencies": {
        "@firebase/app-compat": "0.x"
      }
    },
    "node_modules/@firebase/performance-types": {
      "version": "0.2.3",
      "license": "Apache-2.0"
    },
    "node_modules/@firebase/remote-config": {
      "version": "0.8.2",
      "license": "Apache-2.0",
      "dependencies": {
        "@firebase/component": "0.7.2",
        "@firebase/installations": "0.6.21",
        "@firebase/logger": "0.5.0",
        "@firebase/util": "1.15.0",
        "tslib": "^2.1.0"
      },
      "peerDependencies": {
        "@firebase/app": "0.x"
      }
    },
    "node_modules/@firebase/remote-config-compat": {
      "version": "0.2.23",
      "license": "Apache-2.0",
      "dependencies": {
        "@firebase/component": "0.7.2",
        "@firebase/logger": "0.5.0",
        "@firebase/remote-config": "0.8.2",
        "@firebase/remote-config-types": "0.5.0",
        "@firebase/util": "1.15.0",
        "tslib": "^2.1.0"
      },
      "peerDependencies": {
        "@firebase/app-compat": "0.x"
      }
    },
    "node_modules/@firebase/remote-config-types": {
      "version": "0.5.0",
      "license": "Apache-2.0"
    },
    "node_modules/@firebase/storage": {
      "version": "0.14.2",
      "license": "Apache-2.0",
      "dependencies": {
        "@firebase/component": "0.7.2",
        "@firebase/util": "1.15.0",
        "tslib": "^2.1.0"
      },
      "engines": {
        "node": ">=20.0.0"
      },
      "peerDependencies": {
        "@firebase/app": "0.x"
      }
    },
    "node_modules/@firebase/storage-compat": {
      "version": "0.4.2",
      "license": "Apache-2.0",
      "dependencies": {
        "@firebase/component": "0.7.2",
        "@firebase/storage": "0.14.2",
        "@firebase/storage-types": "0.8.3",
        "@firebase/util": "1.15.0",
        "tslib": "^2.1.0"
      },
      "engines": {
        "node": ">=20.0.0"
      },
      "peerDependencies": {
        "@firebase/app-compat": "0.x"
      }
    },
    "node_modules/@firebase/storage-types": {
      "version": "0.8.3",
      "license": "Apache-2.0",
      "peerDependencies": {
        "@firebase/app-types": "0.x",
        "@firebase/util": "1.x"
      }
    },
    "node_modules/@firebase/util": {
      "version": "1.15.0",
      "hasInstallScript": true,
      "license": "Apache-2.0",
      "dependencies": {
        "tslib": "^2.1.0"
      },
      "engines": {
        "node": ">=20.0.0"
      }
    },
    "node_modules/@firebase/webchannel-wrapper": {
      "version": "1.0.5",
      "license": "Apache-2.0"
    },
    "node_modules/@grpc/grpc-js": {
      "version": "1.9.15",
      "license": "Apache-2.0",
      "dependencies": {
        "@grpc/proto-loader": "^0.7.8",
        "@types/node": ">=12.12.47"
      },
      "engines": {
        "node": "^8.13.0 || >=10.10.0"
      }
    },
    "node_modules/@grpc/proto-loader": {
      "version": "0.7.15",
      "license": "Apache-2.0",
      "dependencies": {
        "lodash.camelcase": "^4.3.0",
        "long": "^5.0.0",
        "protobufjs": "^7.2.5",
        "yargs": "^17.7.2"
      },
      "bin": {
        "proto-loader-gen-types": "build/bin/proto-loader-gen-types.js"
      },
      "engines": {
        "node": ">=6"
      }
    },
    "node_modules/@protobufjs/aspromise": {
      "version": "1.1.2",
      "license": "BSD-3-Clause"
    },
    "node_modules/@protobufjs/base64": {
      "version": "1.1.2",
      "license": "BSD-3-Clause"
    },
    "node_modules/@protobufjs/codegen": {
      "version": "2.0.5",
      "resolved": "https://registry.npmjs.org/@protobufjs/codegen/-/codegen-2.0.5.tgz",
      "integrity": "sha512-zgXFLzW3Ap33e6d0Wlj4MGIm6Ce8O89n/apUaGNB/jx+hw+ruWEp7EwGUshdLKVRCxZW12fp9r40E1mQrf/34g==",
      "license": "BSD-3-Clause"
    },
    "node_modules/@protobufjs/eventemitter": {
      "version": "1.1.0",
      "license": "BSD-3-Clause"
    },
    "node_modules/@protobufjs/fetch": {
      "version": "1.1.0",
      "license": "BSD-3-Clause",
      "dependencies": {
        "@protobufjs/aspromise": "^1.1.1",
        "@protobufjs/inquire": "^1.1.0"
      }
    },
    "node_modules/@protobufjs/float": {
      "version": "1.0.2",
      "license": "BSD-3-Clause"
    },
    "node_modules/@protobufjs/inquire": {
      "version": "1.1.1",
      "resolved": "https://registry.npmjs.org/@protobufjs/inquire/-/inquire-1.1.1.tgz",
      "integrity": "sha512-mnzgDV26ueAvk7rsbt9L7bE0SuAoqyuys/sMMrmVcN5x9VsxpcG3rqAUSgDyLp0UZlmNfIbQ4fHfCtreVBk8Ew==",
      "license": "BSD-3-Clause"
    },
    "node_modules/@protobufjs/path": {
      "version": "1.1.2",
      "license": "BSD-3-Clause"
    },
    "node_modules/@protobufjs/pool": {
      "version": "1.1.0",
      "license": "BSD-3-Clause"
    },
    "node_modules/@protobufjs/utf8": {
      "version": "1.1.1",
      "resolved": "https://registry.npmjs.org/@protobufjs/utf8/-/utf8-1.1.1.tgz",
      "integrity": "sha512-oOAWABowe8EAbMyWKM0tYDKi8Yaox52D+HWZhAIJqQXbqe0xI/GV7FhLWqlEKreMkfDjshR5FKgi3mnle0h6Eg==",
      "license": "BSD-3-Clause"
    },
    "node_modules/@types/node": {
      "version": "25.5.2",
      "license": "MIT",
      "dependencies": {
        "undici-types": "~7.18.0"
      }
    },
    "node_modules/ansi-regex": {
      "version": "5.0.1",
      "license": "MIT",
      "engines": {
        "node": ">=8"
      }
    },
    "node_modules/ansi-styles": {
      "version": "4.3.0",
      "license": "MIT",
      "dependencies": {
        "color-convert": "^2.0.1"
      },
      "engines": {
        "node": ">=8"
      },
      "funding": {
        "url": "https://github.com/chalk/ansi-styles?sponsor=1"
      }
    },
    "node_modules/chalk": {
      "version": "4.1.2",
      "dev": true,
      "license": "MIT",
      "dependencies": {
        "ansi-styles": "^4.1.0",
        "supports-color": "^7.1.0"
      },
      "engines": {
        "node": ">=10"
      },
      "funding": {
        "url": "https://github.com/chalk/chalk?sponsor=1"
      }
    },
    "node_modules/chalk/node_modules/supports-color": {
      "version": "7.2.0",
      "dev": true,
      "license": "MIT",
      "dependencies": {
        "has-flag": "^4.0.0"
      },
      "engines": {
        "node": ">=8"
      }
    },
    "node_modules/cliui": {
      "version": "8.0.1",
      "license": "ISC",
      "dependencies": {
        "string-width": "^4.2.0",
        "strip-ansi": "^6.0.1",
        "wrap-ansi": "^7.0.0"
      },
      "engines": {
        "node": ">=12"
      }
    },
    "node_modules/color-convert": {
      "version": "2.0.1",
      "license": "MIT",
      "dependencies": {
        "color-name": "~1.1.4"
      },
      "engines": {
        "node": ">=7.0.0"
      }
    },
    "node_modules/color-name": {
      "version": "1.1.4",
      "license": "MIT"
    },
    "node_modules/colors": {
      "version": "1.4.0",
      "resolved": "https://registry.npmjs.org/colors/-/colors-1.4.0.tgz",
      "integrity": "sha512-a+UqTh4kgZg/SlGvfbzDHpgRu7AAQOmmqRHJnxhRZICKFUT91brVhNNt58CMWU9PsBbv3PDCZUHbVxuDiH2mtA==",
      "license": "MIT",
      "engines": {
        "node": ">=0.1.90"
      }
    },
    "node_modules/concurrently": {
      "version": "7.6.0",
      "dev": true,
      "license": "MIT",
      "dependencies": {
        "chalk": "^4.1.0",
        "date-fns": "^2.29.1",
        "lodash": "^4.17.21",
        "rxjs": "^7.0.0",
        "shell-quote": "^1.7.3",
        "spawn-command": "^0.0.2-1",
        "supports-color": "^8.1.0",
        "tree-kill": "^1.2.2",
        "yargs": "^17.3.1"
      },
      "bin": {
        "conc": "dist/bin/concurrently.js",
        "concurrently": "dist/bin/concurrently.js"
      },
      "engines": {
        "node": "^12.20.0 || ^14.13.0 || >=16.0.0"
      },
      "funding": {
        "url": "https://github.com/open-cli-tools/concurrently?sponsor=1"
      }
    },
    "node_modules/date-fns": {
      "version": "2.30.0",
      "dev": true,
      "license": "MIT",
      "dependencies": {
        "@babel/runtime": "^7.21.0"
      },
      "engines": {
        "node": ">=0.11"
      },
      "funding": {
        "type": "opencollective",
        "url": "https://opencollective.com/date-fns"
      }
    },
    "node_modules/dateformat": {
      "version": "4.5.1",
      "resolved": "https://registry.npmjs.org/dateformat/-/dateformat-4.5.1.tgz",
      "integrity": "sha512-OD0TZ+B7yP7ZgpJf5K2DIbj3FZvFvxgFUuaqA/V5zTjAtAAXZ1E8bktHxmAGs4x5b7PflqA9LeQ84Og7wYtF7Q==",
      "license": "MIT",
      "engines": {
        "node": "*"
      }
    },
    "node_modules/emoji-regex": {
      "version": "8.0.0",
      "license": "MIT"
    },
    "node_modules/escalade": {
      "version": "3.2.0",
      "license": "MIT",
      "engines": {
        "node": ">=6"
      }
    },
    "node_modules/faye-websocket": {
      "version": "0.11.4",
      "license": "Apache-2.0",
      "dependencies": {
        "websocket-driver": ">=0.5.1"
      },
      "engines": {
        "node": ">=0.8.0"
      }
    },
    "node_modules/firebase": {
      "version": "12.11.0",
      "license": "Apache-2.0",
      "dependencies": {
        "@firebase/ai": "2.10.0",
        "@firebase/analytics": "0.10.21",
        "@firebase/analytics-compat": "0.2.27",
        "@firebase/app": "0.14.10",
        "@firebase/app-check": "0.11.2",
        "@firebase/app-check-compat": "0.4.2",
        "@firebase/app-compat": "0.5.10",
        "@firebase/app-types": "0.9.3",
        "@firebase/auth": "1.12.2",
        "@firebase/auth-compat": "0.6.4",
        "@firebase/data-connect": "0.5.0",
        "@firebase/database": "1.1.2",
        "@firebase/database-compat": "2.1.2",
        "@firebase/firestore": "4.13.0",
        "@firebase/firestore-compat": "0.4.7",
        "@firebase/functions": "0.13.3",
        "@firebase/functions-compat": "0.4.3",
        "@firebase/installations": "0.6.21",
        "@firebase/installations-compat": "0.2.21",
        "@firebase/messaging": "0.12.25",
        "@firebase/messaging-compat": "0.2.25",
        "@firebase/performance": "0.7.11",
        "@firebase/performance-compat": "0.2.24",
        "@firebase/remote-config": "0.8.2",
        "@firebase/remote-config-compat": "0.2.23",
        "@firebase/storage": "0.14.2",
        "@firebase/storage-compat": "0.4.2",
        "@firebase/util": "1.15.0"
      }
    },
    "node_modules/get-caller-file": {
      "version": "2.0.5",
      "license": "ISC",
      "engines": {
        "node": "6.* || 8.* || >= 10.*"
      }
    },
    "node_modules/has-flag": {
      "version": "4.0.0",
      "dev": true,
      "license": "MIT",
      "engines": {
        "node": ">=8"
      }
    },
    "node_modules/http-parser-js": {
      "version": "0.5.10",
      "license": "MIT"
    },
    "node_modules/idb": {
      "version": "7.1.1",
      "license": "ISC"
    },
    "node_modules/is-fullwidth-code-point": {
      "version": "3.0.0",
      "license": "MIT",
      "engines": {
        "node": ">=8"
      }
    },
    "node_modules/lodash": {
      "version": "4.18.1",
      "dev": true,
      "license": "MIT"
    },
    "node_modules/lodash.camelcase": {
      "version": "4.3.0",
      "license": "MIT"
    },
    "node_modules/long": {
      "version": "5.3.2",
      "license": "Apache-2.0"
    },
    "node_modules/mime": {
      "version": "4.1.0",
      "resolved": "https://registry.npmjs.org/mime/-/mime-4.1.0.tgz",
      "integrity": "sha512-X5ju04+cAzsojXKes0B/S4tcYtFAJ6tTMuSPBEn9CPGlrWr8Fiw7qYeLT0XyH80HSoAoqWCaz+MWKh22P7G1cw==",
      "funding": [
        "https://github.com/sponsors/broofa"
      ],
      "license": "MIT",
      "bin": {
        "mime": "bin/cli.js"
      },
      "engines": {
        "node": ">=16"
      }
    },
    "node_modules/mkdirp": {
      "version": "1.0.4",
      "resolved": "https://registry.npmjs.org/mkdirp/-/mkdirp-1.0.4.tgz",
      "integrity": "sha512-vVqVZQyf3WLx2Shd0qJ9xuvqgAyKPLAiqITEtqW0oIUjzo3PePDd6fW9iFz30ef7Ysp/oiWqbhszeGWW2T6Gzw==",
      "license": "MIT",
      "bin": {
        "mkdirp": "bin/cmd.js"
      },
      "engines": {
        "node": ">=10"
      }
    },
    "node_modules/protobufjs": {
      "version": "7.5.8",
      "resolved": "https://registry.npmjs.org/protobufjs/-/protobufjs-7.5.8.tgz",
      "integrity": "sha512-dvpCIeLPbXZS/Ete7yLaO7RenOdken2NHKykBXbsaGxZT0UTltcarBciw+A78SRQs9iMAAVpsYA+l8b1hTePIA==",
      "hasInstallScript": true,
      "license": "BSD-3-Clause",
      "dependencies": {
        "@protobufjs/aspromise": "^1.1.2",
        "@protobufjs/base64": "^1.1.2",
        "@protobufjs/codegen": "^2.0.5",
        "@protobufjs/eventemitter": "^1.1.0",
        "@protobufjs/fetch": "^1.1.0",
        "@protobufjs/float": "^1.0.2",
        "@protobufjs/inquire": "^1.1.1",
        "@protobufjs/path": "^1.1.2",
        "@protobufjs/pool": "^1.1.0",
        "@protobufjs/utf8": "^1.1.1",
        "@types/node": ">=13.7.0",
        "long": "^5.0.0"
      },
      "engines": {
        "node": ">=12.0.0"
      }
    },
    "node_modules/require-directory": {
      "version": "2.1.1",
      "license": "MIT",
      "engines": {
        "node": ">=0.10.0"
      }
    },
    "node_modules/rxjs": {
      "version": "7.8.2",
      "dev": true,
      "license": "Apache-2.0",
      "dependencies": {
        "tslib": "^2.1.0"
      }
    },
    "node_modules/safe-buffer": {
      "version": "5.2.1",
      "funding": [
        {
          "type": "github",
          "url": "https://github.com/sponsors/feross"
        },
        {
          "type": "patreon",
          "url": "https://www.patreon.com/feross"
        },
        {
          "type": "consulting",
          "url": "https://feross.org/support"
        }
      ],
      "license": "MIT"
    },
    "node_modules/server": {
      "version": "0.0.3",
      "resolved": "https://registry.npmjs.org/server/-/server-0.0.3.tgz",
      "integrity": "sha512-o8Zn53r+oS4ljJXBDtNJw0WQv3HFvnzGuexs4PpvvFBmZfytOxs84ddyZzZ+ou+6FIYc5x5bpHeOld//HQDHXA==",
      "license": "BSD",
      "dependencies": {
        "mime": "*",
        "tracer": "*"
      }
    },
    "node_modules/shell-quote": {
      "version": "1.8.3",
      "dev": true,
      "license": "MIT",
      "engines": {
        "node": ">= 0.4"
      },
      "funding": {
        "url": "https://github.com/sponsors/ljharb"
      }
    },
    "node_modules/spawn-command": {
      "version": "0.0.2",
      "dev": true
    },
    "node_modules/string-width": {
      "version": "4.2.3",
      "license": "MIT",
      "dependencies": {
        "emoji-regex": "^8.0.0",
        "is-fullwidth-code-point": "^3.0.0",
        "strip-ansi": "^6.0.1"
      },
      "engines": {
        "node": ">=8"
      }
    },
    "node_modules/strip-ansi": {
      "version": "6.0.1",
      "license": "MIT",
      "dependencies": {
        "ansi-regex": "^5.0.1"
      },
      "engines": {
        "node": ">=8"
      }
    },
    "node_modules/supports-color": {
      "version": "8.1.1",
      "dev": true,
      "license": "MIT",
      "dependencies": {
        "has-flag": "^4.0.0"
      },
      "engines": {
        "node": ">=10"
      },
      "funding": {
        "url": "https://github.com/chalk/supports-color?sponsor=1"
      }
    },
    "node_modules/tinytim": {
      "version": "0.1.1",
      "resolved": "https://registry.npmjs.org/tinytim/-/tinytim-0.1.1.tgz",
      "integrity": "sha512-NIpsp9lBIxPNzB++HnMmUd4byzJSVbbO4F+As1Gb1IG/YQT5QvmBDjpx8SpDS8fhGC+t+Qw8ldQgbcAIaU+2cA==",
      "license": "MIT",
      "engines": {
        "node": ">= 0.2.0"
      }
    },
    "node_modules/tracer": {
      "version": "1.3.0",
      "resolved": "https://registry.npmjs.org/tracer/-/tracer-1.3.0.tgz",
      "integrity": "sha512-8G2okIuUNThM1W8HU9YUCsQgxROw9VpewE2f8Tsw3B90b0acvBiATqnUIvv07qG/aBTs7ALDr7tLVUVD86kPPA==",
      "license": "MIT",
      "dependencies": {
        "colors": "1.4.0",
        "dateformat": "4.5.1",
        "mkdirp": "^1.0.4",
        "tinytim": "0.1.1"
      },
      "engines": {
        "node": ">= 16.20.1"
      }
    },
    "node_modules/tree-kill": {
      "version": "1.2.2",
      "dev": true,
      "license": "MIT",
      "bin": {
        "tree-kill": "cli.js"
      }
    },
    "node_modules/tslib": {
      "version": "2.8.1",
      "license": "0BSD"
    },
    "node_modules/undici-types": {
      "version": "7.18.2",
      "license": "MIT"
    },
    "node_modules/web-vitals": {
      "version": "4.2.4",
      "license": "Apache-2.0"
    },
    "node_modules/websocket-driver": {
      "version": "0.7.4",
      "license": "Apache-2.0",
      "dependencies": {
        "http-parser-js": ">=0.5.1",
        "safe-buffer": ">=5.1.0",
        "websocket-extensions": ">=0.1.1"
      },
      "engines": {
        "node": ">=0.8.0"
      }
    },
    "node_modules/websocket-extensions": {
      "version": "0.1.4",
      "license": "Apache-2.0",
      "engines": {
        "node": ">=0.8.0"
      }
    },
    "node_modules/wrap-ansi": {
      "version": "7.0.0",
      "license": "MIT",
      "dependencies": {
        "ansi-styles": "^4.0.0",
        "string-width": "^4.1.0",
        "strip-ansi": "^6.0.0"
      },
      "engines": {
        "node": ">=10"
      },
      "funding": {
        "url": "https://github.com/chalk/wrap-ansi?sponsor=1"
      }
    },
    "node_modules/y18n": {
      "version": "5.0.8",
      "license": "ISC",
      "engines": {
        "node": ">=10"
      }
    },
    "node_modules/yargs": {
      "version": "17.7.2",
      "license": "MIT",
      "dependencies": {
        "cliui": "^8.0.1",
        "escalade": "^3.1.1",
        "get-caller-file": "^2.0.5",
        "require-directory": "^2.1.1",
        "string-width": "^4.2.3",
        "y18n": "^5.0.5",
        "yargs-parser": "^21.1.1"
      },
      "engines": {
        "node": ">=12"
      }
    },
    "node_modules/yargs-parser": {
      "version": "21.1.1",
      "license": "ISC",
      "engines": {
        "node": ">=12"
      }
    }
  }
}
